
Microsoft Visual Studio Solution File, Format Version 12.00
# Visual Studio Version 17
VisualStudioVersion = 17.9.34723.18
MinimumVisualStudioVersion = 10.0.40219.1
Project("{9A19103F-16F7-4668-BE54-9A1E7A4F7556}") = "BlazingPizzaSite", "BlazingPizzaSite\BlazingPizzaSite\BlazingPizzaSite.csproj", "{90FA9B9A-76FB-487E-AD32-9C9DAAE5BF88}"
EndProject
Project("{9A19103F-16F7-4668-BE54-9A1E7A4F7556}") = "BlazingPizzaSite.Client", "BlazingPizzaSite\BlazingPizzaSite.Client\BlazingPizzaSite.Client.csproj", "{137BD0ED-1BED-4BED-BE1D-100484C45012}"
EndProject
Project("{9A19103F-16F7-4668-BE54-9A1E7A4F7556}") = "BlazingPizzaSite.Domain", "BlazingPizzaSite.Domain\BlazingPizzaSite.Domain.csproj", "{FB0E0842-0341-456C-9EE3-A235FCE653B2}"
EndProject
Project("{9A19103F-16F7-4668-BE54-9A1E7A4F7556}") = "BlazingPizzaSite.Application", "BlazingPizzaSite.Application\BlazingPizzaSite.Application.csproj", "{A0797BB4-1AB7-492D-825C-658C792F8FB9}"
EndProject
Project("{9A19103F-16F7-4668-BE54-9A1E7A4F7556}") = "BlazingPizzaSite.Infrastructure", "BlazingPizzaSite.Infrastructure\BlazingPizzaSite.Infrastructure.csproj", "{AAD851E7-BDF0-4EE6-B7DA-BC2C006CFD8D}"
EndProject
Project("{9A19103F-16F7-4668-BE54-9A1E7A4F7556}") = "BlazingPizzaSite.API", "BlazingPizzaSite.API\BlazingPizzaSite.API.csproj", "{D3743528-BD52-4248-870F-A6701EF4A784}"
EndProject
Global
	GlobalSection(SolutionConfigurationPlatforms) = preSolution
		Debug|Any CPU = Debug|Any CPU
		Release|Any CPU = Release|Any CPU
	EndGlobalSection
	GlobalSection(ProjectConfigurationPlatforms) = postSolution
		{90FA9B9A-76FB-487E-AD32-9C9DAAE5BF88}.Debug|Any CPU.ActiveCfg = Debug|Any CPU
		{90FA9B9A-76FB-487E-AD32-9C9DAAE5BF88}.Debug|Any CPU.Build.0 = Debug|Any CPU
		{90FA9B9A-76FB-487E-AD32-9C9DAAE5BF88}.Release|Any CPU.ActiveCfg = Release|Any CPU
		{90FA9B9A-76FB-487E-AD32-9C9DAAE5BF88}.Release|Any CPU.Build.0 = Release|Any CPU
		{137BD0ED-1BED-4BED-BE1D-100484C45012}.Debug|Any CPU.ActiveCfg = Debug|Any CPU
		{137BD0ED-1BED-4BED-BE1D-100484C45012}.Debug|Any CPU.Build.0 = Debug|Any CPU
		{137BD0ED-1BED-4BED-BE1D-100484C45012}.Release|Any CPU.ActiveCfg = Release|Any CPU
		{137BD0ED-1BED-4BED-BE1D-100484C45012}.Release|Any CPU.Build.0 = Release|Any CPU
		{FB0E0842-0341-456C-9EE3-A235FCE653B2}.Debug|Any CPU.ActiveCfg = Debug|Any CPU
		{FB0E0842-0341-456C-9EE3-A235FCE653B2}.Debug|Any CPU.Build.0 = Debug|Any CPU
		{FB0E0842-0341-456C-9EE3-A235FCE653B2}.Release|Any CPU.ActiveCfg = Release|Any CPU
		{FB0E0842-0341-456C-9EE3-A235FCE653B2}.Release|Any CPU.Build.0 = Release|Any CPU
		{A0797BB4-1AB7-492D-825C-658C792F8FB9}.Debug|Any CPU.ActiveCfg = Debug|Any CPU
		{A0797BB4-1AB7-492D-825C-658C792F8FB9}.Debug|Any CPU.Build.0 = Debug|Any CPU
		{A0797BB4-1AB7-492D-825C-658C792F8FB9}.Release|Any CPU.ActiveCfg = Release|Any CPU
		{A0797BB4-1AB7-492D-825C-658C792F8FB9}.Release|Any CPU.Build.0 = Release|Any CPU
		{AAD851E7-BDF0-4EE6-B7DA-BC2C006CFD8D}.Debug|Any CPU.ActiveCfg = Debug|Any CPU
		{AAD851E7-BDF0-4EE6-B7DA-BC2C006CFD8D}.Debug|Any CPU.Build.0 = Debug|Any CPU
		{AAD851E7-BDF0-4EE6-B7DA-BC2C006CFD8D}.Release|Any CPU.ActiveCfg = Release|Any CPU
		{AAD851E7-BDF0-4EE6-B7DA-BC2C006CFD8D}.Release|Any CPU.Build.0 = Release|Any CPU
		{D3743528-BD52-4248-870F-A6701EF4A784}.Debug|Any CPU.ActiveCfg = Debug|Any CPU
		{D3743528-BD52-4248-870F-A6701EF4A784}.Debug|Any CPU.Build.0 = Debug|Any CPU
		{D3743528-BD52-4248-870F-A6701EF4A784}.Release|Any CPU.ActiveCfg = Release|Any CPU
		{D3743528-BD52-4248-870F-A6701EF4A784}.Release|Any CPU.Build.0 = Release|Any CPU
	EndGlobalSection
	GlobalSection(SolutionProperties) = preSolution
		HideSolutionNode = FALSE
	EndGlobalSection
	GlobalSection(ExtensibilityGlobals) = postSolution
		SolutionGuid = {CCC60408-987A-4FD2-B680-43600D5591F0}
	EndGlobalSection
EndGlobal
